
Microsoft Visual Studio Solution File, Format Version 12.00
# Visual Studio 15
VisualStudioVersion = 15.0.28307.852
MinimumVisualStudioVersion = 10.0.40219.1
Project("{FAE04EC0-301F-11D3-BF4B-00C04F79EFBC}") = "MTC.Engine", "MTC.Engine\MTC.Engine.csproj", "{F2064248-180C-4329-B4D8-D0A8535E78B0}"
EndProject
Project("{FAE04EC0-301F-11D3-BF4B-00C04F79EFBC}") = "MTC.Engine.UnitTest", "MTC.Engine.UnitTest\MTC.Engine.UnitTest.csproj", "{22E36119-1DF9-4F6F-8A5C-D608DFF383F1}"
EndProject
Global
	GlobalSection(SolutionConfigurationPlatforms) = preSolution
		Debug|Any CPU = Debug|Any CPU
		Release|Any CPU = Release|Any CPU
	EndGlobalSection
	GlobalSection(ProjectConfigurationPlatforms) = postSolution
		{F2064248-180C-4329-B4D8-D0A8535E78B0}.Debug|Any CPU.ActiveCfg = Debug|Any CPU
		{F2064248-180C-4329-B4D8-D0A8535E78B0}.Debug|Any CPU.Build.0 = Debug|Any CPU
		{F2064248-180C-4329-B4D8-D0A8535E78B0}.Release|Any CPU.ActiveCfg = Release|Any CPU
		{F2064248-180C-4329-B4D8-D0A8535E78B0}.Release|Any CPU.Build.0 = Release|Any CPU
		{22E36119-1DF9-4F6F-8A5C-D608DFF383F1}.Debug|Any CPU.ActiveCfg = Debug|Any CPU
		{22E36119-1DF9-4F6F-8A5C-D608DFF383F1}.Debug|Any CPU.Build.0 = Debug|Any CPU
		{22E36119-1DF9-4F6F-8A5C-D608DFF383F1}.Release|Any CPU.ActiveCfg = Release|Any CPU
		{22E36119-1DF9-4F6F-8A5C-D608DFF383F1}.Release|Any CPU.Build.0 = Release|Any CPU
	EndGlobalSection
	GlobalSection(SolutionProperties) = preSolution
		HideSolutionNode = FALSE
	EndGlobalSection
	GlobalSection(ExtensibilityGlobals) = postSolution
		SolutionGuid = {7C157B49-AF49-47A2-A771-5B2BA2A4A3EA}
	EndGlobalSection
EndGlobal
